// !$*UTF8*$!
{
	archiveVersion = 1;
	classes = {
	};
	objectVersion = 56;
	objects = {

/* Begin PBXBuildFile section */
		026DE0222B67F180004D6BDA /* PeerView_old.swift in Sources */ = {isa = PBXBuildFile; fileRef = 026DE0212B67F180004D6BDA /* PeerView_old.swift */; };
		026DE0252B67F218004D6BDA /* Peer.swift in Sources */ = {isa = PBXBuildFile; fileRef = 026DE0242B67F218004D6BDA /* Peer.swift */; };
		02B771232B69555F00CDABDF /* PeerNote.swift in Sources */ = {isa = PBXBuildFile; fileRef = 02B771222B69555F00CDABDF /* PeerNote.swift */; };
		02B771262B6A8EF700CDABDF /* MainView.swift in Sources */ = {isa = PBXBuildFile; fileRef = 02B771252B6A8EF700CDABDF /* MainView.swift */; };
		02EAC8482B5ACB7200FB9183 /* testSDApp.swift in Sources */ = {isa = PBXBuildFile; fileRef = 02EAC8472B5ACB7200FB9183 /* testSDApp.swift */; };
		02EAC84A2B5ACB7200FB9183 /* ContentView.swift in Sources */ = {isa = PBXBuildFile; fileRef = 02EAC8492B5ACB7200FB9183 /* ContentView.swift */; };
		02EAC84C2B5ACB7200FB9183 /* Item.swift in Sources */ = {isa = PBXBuildFile; fileRef = 02EAC84B2B5ACB7200FB9183 /* Item.swift */; };
		02EAC84E2B5ACB7200FB9183 /* Assets.xcassets in Resources */ = {isa = PBXBuildFile; fileRef = 02EAC84D2B5ACB7200FB9183 /* Assets.xcassets */; };
		02EAC8522B5ACB7200FB9183 /* Preview Assets.xcassets in Resources */ = {isa = PBXBuildFile; fileRef = 02EAC8512B5ACB7200FB9183 /* Preview Assets.xcassets */; };
		02EAC85C2B5ACB7300FB9183 /* testSDTests.swift in Sources */ = {isa = PBXBuildFile; fileRef = 02EAC85B2B5ACB7300FB9183 /* testSDTests.swift */; };
		02EAC8662B5ACB7300FB9183 /* testSDUITests.swift in Sources */ = {isa = PBXBuildFile; fileRef = 02EAC8652B5ACB7300FB9183 /* testSDUITests.swift */; };
		02EAC8682B5ACB7300FB9183 /* testSDUITestsLaunchTests.swift in Sources */ = {isa = PBXBuildFile; fileRef = 02EAC8672B5ACB7300FB9183 /* testSDUITestsLaunchTests.swift */; };
		02EAC8772B5AD24500FB9183 /* DataModel.swift in Sources */ = {isa = PBXBuildFile; fileRef = 02EAC8762B5AD24500FB9183 /* DataModel.swift */; };
		02EAC8792B5AD2F800FB9183 /* NoteView.swift in Sources */ = {isa = PBXBuildFile; fileRef = 02EAC8782B5AD2F800FB9183 /* NoteView.swift */; };
		02EAC87D2B5ADEBD00FB9183 /* NoteEditView.swift in Sources */ = {isa = PBXBuildFile; fileRef = 02EAC87C2B5ADEBD00FB9183 /* NoteEditView.swift */; };
		02F9A6C32B6D1F4700C03FE4 /* PeerView.swift in Sources */ = {isa = PBXBuildFile; fileRef = 02F9A6C22B6D1F4700C03FE4 /* PeerView.swift */; };
/* End PBXBuildFile section */

/* Begin PBXContainerItemProxy section */
		02EAC8582B5ACB7300FB9183 /* PBXContainerItemProxy */ = {
			isa = PBXContainerItemProxy;
			containerPortal = 02EAC83C2B5ACB7200FB9183 /* Project object */;
			proxyType = 1;
			remoteGlobalIDString = 02EAC8432B5ACB7200FB9183;
			remoteInfo = testSD;
		};
		02EAC8622B5ACB7300FB9183 /* PBXContainerItemProxy */ = {
			isa = PBXContainerItemProxy;
			containerPortal = 02EAC83C2B5ACB7200FB9183 /* Project object */;
			proxyType = 1;
			remoteGlobalIDString = 02EAC8432B5ACB7200FB9183;
			remoteInfo = testSD;
		};
/* End PBXContainerItemProxy section */

/* Begin PBXFileReference section */
		026DE0212B67F180004D6BDA /* PeerView_old.swift */ = {isa = PBXFileReference; lastKnownFileType = sourcecode.swift; path = PeerView_old.swift; sourceTree = "<group>"; };
		026DE0242B67F218004D6BDA /* Peer.swift */ = {isa = PBXFileReference; lastKnownFileType = sourcecode.swift; path = Peer.swift; sourceTree = "<group>"; };
		02B771222B69555F00CDABDF /* PeerNote.swift */ = {isa = PBXFileReference; lastKnownFileType = sourcecode.swift; path = PeerNote.swift; sourceTree = "<group>"; };
		02B771252B6A8EF700CDABDF /* MainView.swift */ = {isa = PBXFileReference; lastKnownFileType = sourcecode.swift; path = MainView.swift; sourceTree = "<group>"; };
		02EAC8442B5ACB7200FB9183 /* testSD.app */ = {isa = PBXFileReference; explicitFileType = wrapper.application; includeInIndex = 0; path = testSD.app; sourceTree = BUILT_PRODUCTS_DIR; };
		02EAC8472B5ACB7200FB9183 /* testSDApp.swift */ = {isa = PBXFileReference; lastKnownFileType = sourcecode.swift; path = testSDApp.swift; sourceTree = "<group>"; };
		02EAC8492B5ACB7200FB9183 /* ContentView.swift */ = {isa = PBXFileReference; lastKnownFileType = sourcecode.swift; path = ContentView.swift; sourceTree = "<group>"; };
		02EAC84B2B5ACB7200FB9183 /* Item.swift */ = {isa = PBXFileReference; lastKnownFileType = sourcecode.swift; path = Item.swift; sourceTree = "<group>"; };
		02EAC84D2B5ACB7200FB9183 /* Assets.xcassets */ = {isa = PBXFileReference; lastKnownFileType = folder.assetcatalog; path = Assets.xcassets; sourceTree = "<group>"; };
		02EAC84F2B5ACB7200FB9183 /* testSD.entitlements */ = {isa = PBXFileReference; lastKnownFileType = text.plist.entitlements; path = testSD.entitlements; sourceTree = "<group>"; };
		02EAC8512B5ACB7200FB9183 /* Preview Assets.xcassets */ = {isa = PBXFileReference; lastKnownFileType = folder.assetcatalog; path = "Preview Assets.xcassets"; sourceTree = "<group>"; };
		02EAC8572B5ACB7300FB9183 /* testSDTests.xctest */ = {isa = PBXFileReference; explicitFileType = wrapper.cfbundle; includeInIndex = 0; path = testSDTests.xctest; sourceTree = BUILT_PRODUCTS_DIR; };
		02EAC85B2B5ACB7300FB9183 /* testSDTests.swift */ = {isa = PBXFileReference; lastKnownFileType = sourcecode.swift; path = testSDTests.swift; sourceTree = "<group>"; };
		02EAC8612B5ACB7300FB9183 /* testSDUITests.xctest */ = {isa = PBXFileReference; explicitFileType = wrapper.cfbundle; includeInIndex = 0; path = testSDUITests.xctest; sourceTree = BUILT_PRODUCTS_DIR; };
		02EAC8652B5ACB7300FB9183 /* testSDUITests.swift */ = {isa = PBXFileReference; lastKnownFileType = sourcecode.swift; path = testSDUITests.swift; sourceTree = "<group>"; };
		02EAC8672B5ACB7300FB9183 /* testSDUITestsLaunchTests.swift */ = {isa = PBXFileReference; lastKnownFileType = sourcecode.swift; path = testSDUITestsLaunchTests.swift; sourceTree = "<group>"; };
		02EAC8762B5AD24500FB9183 /* DataModel.swift */ = {isa = PBXFileReference; lastKnownFileType = sourcecode.swift; path = DataModel.swift; sourceTree = "<group>"; };
		02EAC8782B5AD2F800FB9183 /* NoteView.swift */ = {isa = PBXFileReference; lastKnownFileType = sourcecode.swift; path = NoteView.swift; sourceTree = "<group>"; };
		02EAC87C2B5ADEBD00FB9183 /* NoteEditView.swift */ = {isa = PBXFileReference; lastKnownFileType = sourcecode.swift; path = NoteEditView.swift; sourceTree = "<group>"; };
		02F9A6C22B6D1F4700C03FE4 /* PeerView.swift */ = {isa = PBXFileReference; lastKnownFileType = sourcecode.swift; path = PeerView.swift; sourceTree = "<group>"; };
/* End PBXFileReference section */

/* Begin PBXFrameworksBuildPhase section */
		02EAC8412B5ACB7200FB9183 /* Frameworks */ = {
			isa = PBXFrameworksBuildPhase;
			buildActionMask = 2147483647;
			files = (
			);
			runOnlyForDeploymentPostprocessing = 0;
		};
		02EAC8542B5ACB7300FB9183 /* Frameworks */ = {
			isa = PBXFrameworksBuildPhase;
			buildActionMask = 2147483647;
			files = (
			);
			runOnlyForDeploymentPostprocessing = 0;
		};
		02EAC85E2B5ACB7300FB9183 /* Frameworks */ = {
			isa = PBXFrameworksBuildPhase;
			buildActionMask = 2147483647;
			files = (
			);
			runOnlyForDeploymentPostprocessing = 0;
		};
/* End PBXFrameworksBuildPhase section */

/* Begin PBXGroup section */
		02B771242B6957CB00CDABDF /* Other */ = {
			isa = PBXGroup;
			children = (
				026DE0242B67F218004D6BDA /* Peer.swift */,
				026DE0212B67F180004D6BDA /* PeerView_old.swift */,
				02B771222B69555F00CDABDF /* PeerNote.swift */,
			);
			path = Other;
			sourceTree = "<group>";
		};
		02EAC83B2B5ACB7200FB9183 = {
			isa = PBXGroup;
			children = (
				02EAC8462B5ACB7200FB9183 /* testSD */,
				02EAC85A2B5ACB7300FB9183 /* testSDTests */,
				02EAC8642B5ACB7300FB9183 /* testSDUITests */,
				02EAC8452B5ACB7200FB9183 /* Products */,
			);
			sourceTree = "<group>";
		};
		02EAC8452B5ACB7200FB9183 /* Products */ = {
			isa = PBXGroup;
			children = (
				02EAC8442B5ACB7200FB9183 /* testSD.app */,
				02EAC8572B5ACB7300FB9183 /* testSDTests.xctest */,
				02EAC8612B5ACB7300FB9183 /* testSDUITests.xctest */,
			);
			name = Products;
			sourceTree = "<group>";
		};
		02EAC8462B5ACB7200FB9183 /* testSD */ = {
			isa = PBXGroup;
			children = (
				02F9A6C12B6BB49B00C03FE4 /* Final */,
				02EAC8472B5ACB7200FB9183 /* testSDApp.swift */,
				02EAC8492B5ACB7200FB9183 /* ContentView.swift */,
				02EAC84B2B5ACB7200FB9183 /* Item.swift */,
				02EAC87A2B5AD30D00FB9183 /* Note */,
				02B771242B6957CB00CDABDF /* Other */,
				02EAC84D2B5ACB7200FB9183 /* Assets.xcassets */,
				02EAC84F2B5ACB7200FB9183 /* testSD.entitlements */,
				02EAC8502B5ACB7200FB9183 /* Preview Content */,
			);
			path = testSD;
			sourceTree = "<group>";
		};
		02EAC8502B5ACB7200FB9183 /* Preview Content */ = {
			isa = PBXGroup;
			children = (
				02EAC8512B5ACB7200FB9183 /* Preview Assets.xcassets */,
			);
			path = "Preview Content";
			sourceTree = "<group>";
		};
		02EAC85A2B5ACB7300FB9183 /* testSDTests */ = {
			isa = PBXGroup;
			children = (
				02EAC85B2B5ACB7300FB9183 /* testSDTests.swift */,
			);
			path = testSDTests;
			sourceTree = "<group>";
		};
		02EAC8642B5ACB7300FB9183 /* testSDUITests */ = {
			isa = PBXGroup;
			children = (
				02EAC8652B5ACB7300FB9183 /* testSDUITests.swift */,
				02EAC8672B5ACB7300FB9183 /* testSDUITestsLaunchTests.swift */,
			);
			path = testSDUITests;
			sourceTree = "<group>";
		};
		02EAC87A2B5AD30D00FB9183 /* Note */ = {
			isa = PBXGroup;
			children = (
				02EAC8782B5AD2F800FB9183 /* NoteView.swift */,
				02EAC87C2B5ADEBD00FB9183 /* NoteEditView.swift */,
			);
			path = Note;
			sourceTree = "<group>";
		};
		02F9A6C12B6BB49B00C03FE4 /* Final */ = {
			isa = PBXGroup;
			children = (
				02EAC8762B5AD24500FB9183 /* DataModel.swift */,
				02B771252B6A8EF700CDABDF /* MainView.swift */,
				02F9A6C22B6D1F4700C03FE4 /* PeerView.swift */,
			);
			path = Final;
			sourceTree = "<group>";
		};
/* End PBXGroup section */

/* Begin PBXNativeTarget section */
		02EAC8432B5ACB7200FB9183 /* testSD */ = {
			isa = PBXNativeTarget;
			buildConfigurationList = 02EAC86B2B5ACB7300FB9183 /* Build configuration list for PBXNativeTarget "testSD" */;
			buildPhases = (
				02EAC8402B5ACB7200FB9183 /* Sources */,
				02EAC8412B5ACB7200FB9183 /* Frameworks */,
				02EAC8422B5ACB7200FB9183 /* Resources */,
			);
			buildRules = (
			);
			dependencies = (
			);
			name = testSD;
			productName = testSD;
			productReference = 02EAC8442B5ACB7200FB9183 /* testSD.app */;
			productType = "com.apple.product-type.application";
		};
		02EAC8562B5ACB7300FB9183 /* testSDTests */ = {
			isa = PBXNativeTarget;
			buildConfigurationList = 02EAC86E2B5ACB7300FB9183 /* Build configuration list for PBXNativeTarget "testSDTests" */;
			buildPhases = (
				02EAC8532B5ACB7300FB9183 /* Sources */,
				02EAC8542B5ACB7300FB9183 /* Frameworks */,
				02EAC8552B5ACB7300FB9183 /* Resources */,
			);
			buildRules = (
			);
			dependencies = (
				02EAC8592B5ACB7300FB9183 /* PBXTargetDependency */,
			);
			name = testSDTests;
			productName = testSDTests;
			productReference = 02EAC8572B5ACB7300FB9183 /* testSDTests.xctest */;
			productType = "com.apple.product-type.bundle.unit-test";
		};
		02EAC8602B5ACB7300FB9183 /* testSDUITests */ = {
			isa = PBXNativeTarget;
			buildConfigurationList = 02EAC8712B5ACB7300FB9183 /* Build configuration list for PBXNativeTarget "testSDUITests" */;
			buildPhases = (
				02EAC85D2B5ACB7300FB9183 /* Sources */,
				02EAC85E2B5ACB7300FB9183 /* Frameworks */,
				02EAC85F2B5ACB7300FB9183 /* Resources */,
			);
			buildRules = (
			);
			dependencies = (
				02EAC8632B5ACB7300FB9183 /* PBXTargetDependency */,
			);
			name = testSDUITests;
			productName = testSDUITests;
			productReference = 02EAC8612B5ACB7300FB9183 /* testSDUITests.xctest */;
			productType = "com.apple.product-type.bundle.ui-testing";
		};
/* End PBXNativeTarget section */

/* Begin PBXProject section */
		02EAC83C2B5ACB7200FB9183 /* Project object */ = {
			isa = PBXProject;
			attributes = {
				BuildIndependentTargetsInParallel = 1;
				LastSwiftUpdateCheck = 1520;
				LastUpgradeCheck = 1520;
				TargetAttributes = {
					02EAC8432B5ACB7200FB9183 = {
						CreatedOnToolsVersion = 15.2;
					};
					02EAC8562B5ACB7300FB9183 = {
						CreatedOnToolsVersion = 15.2;
						TestTargetID = 02EAC8432B5ACB7200FB9183;
					};
					02EAC8602B5ACB7300FB9183 = {
						CreatedOnToolsVersion = 15.2;
						TestTargetID = 02EAC8432B5ACB7200FB9183;
					};
				};
			};
			buildConfigurationList = 02EAC83F2B5ACB7200FB9183 /* Build configuration list for PBXProject "testSD" */;
			compatibilityVersion = "Xcode 14.0";
			developmentRegion = en;
			hasScannedForEncodings = 0;
			knownRegions = (
				en,
				Base,
			);
			mainGroup = 02EAC83B2B5ACB7200FB9183;
			productRefGroup = 02EAC8452B5ACB7200FB9183 /* Products */;
			projectDirPath = "";
			projectRoot = "";
			targets = (
				02EAC8432B5ACB7200FB9183 /* testSD */,
				02EAC8562B5ACB7300FB9183 /* testSDTests */,
				02EAC8602B5ACB7300FB9183 /* testSDUITests */,
			);
		};
/* End PBXProject section */

/* Begin PBXResourcesBuildPhase section */
		02EAC8422B5ACB7200FB9183 /* Resources */ = {
			isa = PBXResourcesBuildPhase;
			buildActionMask = 2147483647;
			files = (
				02EAC8522B5ACB7200FB9183 /* Preview Assets.xcassets in Resources */,
				02EAC84E2B5ACB7200FB9183 /* Assets.xcassets in Resources */,
			);
			runOnlyForDeploymentPostprocessing = 0;
		};
		02EAC8552B5ACB7300FB9183 /* Resources */ = {
			isa = PBXResourcesBuildPhase;
			buildActionMask = 2147483647;
			files = (
			);
			runOnlyForDeploymentPostprocessing = 0;
		};
		02EAC85F2B5ACB7300FB9183 /* Resources */ = {
			isa = PBXResourcesBuildPhase;
			buildActionMask = 2147483647;
			files = (
			);
			runOnlyForDeploymentPostprocessing = 0;
		};
/* End PBXResourcesBuildPhase section */

/* Begin PBXSourcesBuildPhase section */
		02EAC8402B5ACB7200FB9183 /* Sources */ = {
			isa = PBXSourcesBuildPhase;
			buildActionMask = 2147483647;
			files = (
				02EAC87D2B5ADEBD00FB9183 /* NoteEditView.swift in Sources */,
				026DE0252B67F218004D6BDA /* Peer.swift in Sources */,
				02F9A6C32B6D1F4700C03FE4 /* PeerView.swift in Sources */,
				02EAC84A2B5ACB7200FB9183 /* ContentView.swift in Sources */,
				02EAC8792B5AD2F800FB9183 /* NoteView.swift in Sources */,
				02EAC84C2B5ACB7200FB9183 /* Item.swift in Sources */,
				02EAC8482B5ACB7200FB9183 /* testSDApp.swift in Sources */,
				02EAC8772B5AD24500FB9183 /* DataModel.swift in Sources */,
				02B771232B69555F00CDABDF /* PeerNote.swift in Sources */,
				02B771262B6A8EF700CDABDF /* MainView.swift in Sources */,
				026DE0222B67F180004D6BDA /* PeerView_old.swift in Sources */,
			);
			runOnlyForDeploymentPostprocessing = 0;
		};
		02EAC8532B5ACB7300FB9183 /* Sources */ = {
			isa = PBXSourcesBuildPhase;
			buildActionMask = 2147483647;
			files = (
				02EAC85C2B5ACB7300FB9183 /* testSDTests.swift in Sources */,
			);
			runOnlyForDeploymentPostprocessing = 0;
		};
		02EAC85D2B5ACB7300FB9183 /* Sources */ = {
			isa = PBXSourcesBuildPhase;
			buildActionMask = 2147483647;
			files = (
				02EAC8662B5ACB7300FB9183 /* testSDUITests.swift in Sources */,
				02EAC8682B5ACB7300FB9183 /* testSDUITestsLaunchTests.swift in Sources */,
			);
			runOnlyForDeploymentPostprocessing = 0;
		};
/* End PBXSourcesBuildPhase section */

/* Begin PBXTargetDependency section */
		02EAC8592B5ACB7300FB9183 /* PBXTargetDependency */ = {
			isa = PBXTargetDependency;
			target = 02EAC8432B5ACB7200FB9183 /* testSD */;
			targetProxy = 02EAC8582B5ACB7300FB9183 /* PBXContainerItemProxy */;
		};
		02EAC8632B5ACB7300FB9183 /* PBXTargetDependency */ = {
			isa = PBXTargetDependency;
			target = 02EAC8432B5ACB7200FB9183 /* testSD */;
			targetProxy = 02EAC8622B5ACB7300FB9183 /* PBXContainerItemProxy */;
		};
/* End PBXTargetDependency section */

/* Begin XCBuildConfiguration section */
		02EAC8692B5ACB7300FB9183 /* Debug */ = {
			isa = XCBuildConfiguration;
			buildSettings = {
				ALWAYS_SEARCH_USER_PATHS = NO;
				ASSETCATALOG_COMPILER_GENERATE_SWIFT_ASSET_SYMBOL_EXTENSIONS = YES;
				CLANG_ANALYZER_NONNULL = YES;
				CLANG_ANALYZER_NUMBER_OBJECT_CONVERSION = YES_AGGRESSIVE;
				CLANG_CXX_LANGUAGE_STANDARD = "gnu++20";
				CLANG_ENABLE_MODULES = YES;
				CLANG_ENABLE_OBJC_ARC = YES;
				CLANG_ENABLE_OBJC_WEAK = YES;
				CLANG_WARN_BLOCK_CAPTURE_AUTORELEASING = YES;
				CLANG_WARN_BOOL_CONVERSION = YES;
				CLANG_WARN_COMMA = YES;
				CLANG_WARN_CONSTANT_CONVERSION = YES;
				CLANG_WARN_DEPRECATED_OBJC_IMPLEMENTATIONS = YES;
				CLANG_WARN_DIRECT_OBJC_ISA_USAGE = YES_ERROR;
				CLANG_WARN_DOCUMENTATION_COMMENTS = YES;
				CLANG_WARN_EMPTY_BODY = YES;
				CLANG_WARN_ENUM_CONVERSION = YES;
				CLANG_WARN_INFINITE_RECURSION = YES;
				CLANG_WARN_INT_CONVERSION = YES;
				CLANG_WARN_NON_LITERAL_NULL_CONVERSION = YES;
				CLANG_WARN_OBJC_IMPLICIT_RETAIN_SELF = YES;
				CLANG_WARN_OBJC_LITERAL_CONVERSION = YES;
				CLANG_WARN_OBJC_ROOT_CLASS = YES_ERROR;
				CLANG_WARN_QUOTED_INCLUDE_IN_FRAMEWORK_HEADER = YES;
				CLANG_WARN_RANGE_LOOP_ANALYSIS = YES;
				CLANG_WARN_STRICT_PROTOTYPES = YES;
				CLANG_WARN_SUSPICIOUS_MOVE = YES;
				CLANG_WARN_UNGUARDED_AVAILABILITY = YES_AGGRESSIVE;
				CLANG_WARN_UNREACHABLE_CODE = YES;
				CLANG_WARN__DUPLICATE_METHOD_MATCH = YES;
				COPY_PHASE_STRIP = NO;
				DEBUG_INFORMATION_FORMAT = dwarf;
				ENABLE_STRICT_OBJC_MSGSEND = YES;
				ENABLE_TESTABILITY = YES;
				ENABLE_USER_SCRIPT_SANDBOXING = YES;
				GCC_C_LANGUAGE_STANDARD = gnu17;
				GCC_DYNAMIC_NO_PIC = NO;
				GCC_NO_COMMON_BLOCKS = YES;
				GCC_OPTIMIZATION_LEVEL = 0;
				GCC_PREPROCESSOR_DEFINITIONS = (
					"DEBUG=1",
					"$(inherited)",
				);
				GCC_WARN_64_TO_32_BIT_CONVERSION = YES;
				GCC_WARN_ABOUT_RETURN_TYPE = YES_ERROR;
				GCC_WARN_UNDECLARED_SELECTOR = YES;
				GCC_WARN_UNINITIALIZED_AUTOS = YES_AGGRESSIVE;
				GCC_WARN_UNUSED_FUNCTION = YES;
				GCC_WARN_UNUSED_VARIABLE = YES;
				LOCALIZATION_PREFERS_STRING_CATALOGS = YES;
				MTL_ENABLE_DEBUG_INFO = INCLUDE_SOURCE;
				MTL_FAST_MATH = YES;
				ONLY_ACTIVE_ARCH = YES;
				SWIFT_ACTIVE_COMPILATION_CONDITIONS = "DEBUG $(inherited)";
				SWIFT_OPTIMIZATION_LEVEL = "-Onone";
			};
			name = Debug;
		};
		02EAC86A2B5ACB7300FB9183 /* Release */ = {
			isa = XCBuildConfiguration;
			buildSettings = {
				ALWAYS_SEARCH_USER_PATHS = NO;
				ASSETCATALOG_COMPILER_GENERATE_SWIFT_ASSET_SYMBOL_EXTENSIONS = YES;
				CLANG_ANALYZER_NONNULL = YES;
				CLANG_ANALYZER_NUMBER_OBJECT_CONVERSION = YES_AGGRESSIVE;
				CLANG_CXX_LANGUAGE_STANDARD = "gnu++20";
				CLANG_ENABLE_MODULES = YES;
				CLANG_ENABLE_OBJC_ARC = YES;
				CLANG_ENABLE_OBJC_WEAK = YES;
				CLANG_WARN_BLOCK_CAPTURE_AUTORELEASING = YES;
				CLANG_WARN_BOOL_CONVERSION = YES;
				CLANG_WARN_COMMA = YES;
				CLANG_WARN_CONSTANT_CONVERSION = YES;
				CLANG_WARN_DEPRECATED_OBJC_IMPLEMENTATIONS = YES;
				CLANG_WARN_DIRECT_OBJC_ISA_USAGE = YES_ERROR;
				CLANG_WARN_DOCUMENTATION_COMMENTS = YES;
				CLANG_WARN_EMPTY_BODY = YES;
				CLANG_WARN_ENUM_CONVERSION = YES;
				CLANG_WARN_INFINITE_RECURSION = YES;
				CLANG_WARN_INT_CONVERSION = YES;
				CLANG_WARN_NON_LITERAL_NULL_CONVERSION = YES;
				CLANG_WARN_OBJC_IMPLICIT_RETAIN_SELF = YES;
				CLANG_WARN_OBJC_LITERAL_CONVERSION = YES;
				CLANG_WARN_OBJC_ROOT_CLASS = YES_ERROR;
				CLANG_WARN_QUOTED_INCLUDE_IN_FRAMEWORK_HEADER = YES;
				CLANG_WARN_RANGE_LOOP_ANALYSIS = YES;
				CLANG_WARN_STRICT_PROTOTYPES = YES;
				CLANG_WARN_SUSPICIOUS_MOVE = YES;
				CLANG_WARN_UNGUARDED_AVAILABILITY = YES_AGGRESSIVE;
				CLANG_WARN_UNREACHABLE_CODE = YES;
				CLANG_WARN__DUPLICATE_METHOD_MATCH = YES;
				COPY_PHASE_STRIP = NO;
				DEBUG_INFORMATION_FORMAT = "dwarf-with-dsym";
				ENABLE_NS_ASSERTIONS = NO;
				ENABLE_STRICT_OBJC_MSGSEND = YES;
				ENABLE_USER_SCRIPT_SANDBOXING = YES;
				GCC_C_LANGUAGE_STANDARD = gnu17;
				GCC_NO_COMMON_BLOCKS = YES;
				GCC_WARN_64_TO_32_BIT_CONVERSION = YES;
				GCC_WARN_ABOUT_RETURN_TYPE = YES_ERROR;
				GCC_WARN_UNDECLARED_SELECTOR = YES;
				GCC_WARN_UNINITIALIZED_AUTOS = YES_AGGRESSIVE;
				GCC_WARN_UNUSED_FUNCTION = YES;
				GCC_WARN_UNUSED_VARIABLE = YES;
				LOCALIZATION_PREFERS_STRING_CATALOGS = YES;
				MTL_ENABLE_DEBUG_INFO = NO;
				MTL_FAST_MATH = YES;
				SWIFT_COMPILATION_MODE = wholemodule;
			};
			name = Release;
		};
		02EAC86C2B5ACB7300FB9183 /* Debug */ = {
			isa = XCBuildConfiguration;
			buildSettings = {
				ASSETCATALOG_COMPILER_APPICON_NAME = AppIcon;
				ASSETCATALOG_COMPILER_GLOBAL_ACCENT_COLOR_NAME = AccentColor;
				CODE_SIGN_ENTITLEMENTS = testSD/testSD.entitlements;
				CODE_SIGN_STYLE = Automatic;
				CURRENT_PROJECT_VERSION = 1;
				DEVELOPMENT_ASSET_PATHS = "\"testSD/Preview Content\"";
				ENABLE_PREVIEWS = YES;
				GENERATE_INFOPLIST_FILE = YES;
				"INFOPLIST_KEY_UIApplicationSceneManifest_Generation[sdk=iphoneos*]" = YES;
				"INFOPLIST_KEY_UIApplicationSceneManifest_Generation[sdk=iphonesimulator*]" = YES;
				"INFOPLIST_KEY_UIApplicationSupportsIndirectInputEvents[sdk=iphoneos*]" = YES;
				"INFOPLIST_KEY_UIApplicationSupportsIndirectInputEvents[sdk=iphonesimulator*]" = YES;
				"INFOPLIST_KEY_UILaunchScreen_Generation[sdk=iphoneos*]" = YES;
				"INFOPLIST_KEY_UILaunchScreen_Generation[sdk=iphonesimulator*]" = YES;
				"INFOPLIST_KEY_UIStatusBarStyle[sdk=iphoneos*]" = UIStatusBarStyleDefault;
				"INFOPLIST_KEY_UIStatusBarStyle[sdk=iphonesimulator*]" = UIStatusBarStyleDefault;
				INFOPLIST_KEY_UISupportedInterfaceOrientations_iPad = "UIInterfaceOrientationPortrait UIInterfaceOrientationPortraitUpsideDown UIInterfaceOrientationLandscapeLeft UIInterfaceOrientationLandscapeRight";
				INFOPLIST_KEY_UISupportedInterfaceOrientations_iPhone = "UIInterfaceOrientationPortrait UIInterfaceOrientationLandscapeLeft UIInterfaceOrientationLandscapeRight";
				IPHONEOS_DEPLOYMENT_TARGET = 17.2;
				LD_RUNPATH_SEARCH_PATHS = "@executable_path/Frameworks";
				"LD_RUNPATH_SEARCH_PATHS[sdk=macosx*]" = "@executable_path/../Frameworks";
				MACOSX_DEPLOYMENT_TARGET = 14.0;
				MARKETING_VERSION = 1.0;
				PRODUCT_BUNDLE_IDENTIFIER = NK.testSD;
				PRODUCT_NAME = "$(TARGET_NAME)";
				SDKROOT = auto;
				SUPPORTED_PLATFORMS = "iphoneos iphonesimulator macosx";
				SWIFT_EMIT_LOC_STRINGS = YES;
				SWIFT_VERSION = 5.0;
				TARGETED_DEVICE_FAMILY = "1,2";
			};
			name = Debug;
		};
		02EAC86D2B5ACB7300FB9183 /* Release */ = {
			isa = XCBuildConfiguration;
			buildSettings = {
				ASSETCATALOG_COMPILER_APPICON_NAME = AppIcon;
				ASSETCATALOG_COMPILER_GLOBAL_ACCENT_COLOR_NAME = AccentColor;
				CODE_SIGN_ENTITLEMENTS = testSD/testSD.entitlements;
				CODE_SIGN_STYLE = Automatic;
				CURRENT_PROJECT_VERSION = 1;
				DEVELOPMENT_ASSET_PATHS = "\"testSD/Preview Content\"";
				ENABLE_PREVIEWS = YES;
				GENERATE_INFOPLIST_FILE = YES;
				"INFOPLIST_KEY_UIApplicationSceneManifest_Generation[sdk=iphoneos*]" = YES;
				"INFOPLIST_KEY_UIApplicationSceneManifest_Generation[sdk=iphonesimulator*]" = YES;
				"INFOPLIST_KEY_UIApplicationSupportsIndirectInputEvents[sdk=iphoneos*]" = YES;
				"INFOPLIST_KEY_UIApplicationSupportsIndirectInputEvents[sdk=iphonesimulator*]" = YES;
				"INFOPLIST_KEY_UILaunchScreen_Generation[sdk=iphoneos*]" = YES;
				"INFOPLIST_KEY_UILaunchScreen_Generation[sdk=iphonesimulator*]" = YES;
				"INFOPLIST_KEY_UIStatusBarStyle[sdk=iphoneos*]" = UIStatusBarStyleDefault;
				"INFOPLIST_KEY_UIStatusBarStyle[sdk=iphonesimulator*]" = UIStatusBarStyleDefault;
				INFOPLIST_KEY_UISupportedInterfaceOrientations_iPad = "UIInterfaceOrientationPortrait UIInterfaceOrientationPortraitUpsideDown UIInterfaceOrientationLandscapeLeft UIInterfaceOrientationLandscapeRight";
				INFOPLIST_KEY_UISupportedInterfaceOrientations_iPhone = "UIInterfaceOrientationPortrait UIInterfaceOrientationLandscapeLeft UIInterfaceOrientationLandscapeRight";
				IPHONEOS_DEPLOYMENT_TARGET = 17.2;
				LD_RUNPATH_SEARCH_PATHS = "@executable_path/Frameworks";
				"LD_RUNPATH_SEARCH_PATHS[sdk=macosx*]" = "@executable_path/../Frameworks";
				MACOSX_DEPLOYMENT_TARGET = 14.0;
				MARKETING_VERSION = 1.0;
				PRODUCT_BUNDLE_IDENTIFIER = NK.testSD;
				PRODUCT_NAME = "$(TARGET_NAME)";
				SDKROOT = auto;
				SUPPORTED_PLATFORMS = "iphoneos iphonesimulator macosx";
				SWIFT_EMIT_LOC_STRINGS = YES;
				SWIFT_VERSION = 5.0;
				TARGETED_DEVICE_FAMILY = "1,2";
			};
			name = Release;
		};
		02EAC86F2B5ACB7300FB9183 /* Debug */ = {
			isa = XCBuildConfiguration;
			buildSettings = {
				ALWAYS_EMBED_SWIFT_STANDARD_LIBRARIES = YES;
				BUNDLE_LOADER = "$(TEST_HOST)";
				CODE_SIGN_STYLE = Automatic;
				CURRENT_PROJECT_VERSION = 1;
				GENERATE_INFOPLIST_FILE = YES;
				IPHONEOS_DEPLOYMENT_TARGET = 17.2;
				MACOSX_DEPLOYMENT_TARGET = 13.6;
				MARKETING_VERSION = 1.0;
				PRODUCT_BUNDLE_IDENTIFIER = NK.testSDTests;
				PRODUCT_NAME = "$(TARGET_NAME)";
				SDKROOT = auto;
				SUPPORTED_PLATFORMS = "iphoneos iphonesimulator macosx";
				SWIFT_EMIT_LOC_STRINGS = NO;
				SWIFT_VERSION = 5.0;
				TARGETED_DEVICE_FAMILY = "1,2";
				TEST_HOST = "$(BUILT_PRODUCTS_DIR)/testSD.app/$(BUNDLE_EXECUTABLE_FOLDER_PATH)/testSD";
			};
			name = Debug;
		};
		02EAC8702B5ACB7300FB9183 /* Release */ = {
			isa = XCBuildConfiguration;
			buildSettings = {
				ALWAYS_EMBED_SWIFT_STANDARD_LIBRARIES = YES;
				BUNDLE_LOADER = "$(TEST_HOST)";
				CODE_SIGN_STYLE = Automatic;
				CURRENT_PROJECT_VERSION = 1;
				GENERATE_INFOPLIST_FILE = YES;
				IPHONEOS_DEPLOYMENT_TARGET = 17.2;
				MACOSX_DEPLOYMENT_TARGET = 13.6;
				MARKETING_VERSION = 1.0;
				PRODUCT_BUNDLE_IDENTIFIER = NK.testSDTests;
				PRODUCT_NAME = "$(TARGET_NAME)";
				SDKROOT = auto;
				SUPPORTED_PLATFORMS = "iphoneos iphonesimulator macosx";
				SWIFT_EMIT_LOC_STRINGS = NO;
				SWIFT_VERSION = 5.0;
				TARGETED_DEVICE_FAMILY = "1,2";
				TEST_HOST = "$(BUILT_PRODUCTS_DIR)/testSD.app/$(BUNDLE_EXECUTABLE_FOLDER_PATH)/testSD";
			};
			name = Release;
		};
		02EAC8722B5ACB7300FB9183 /* Debug */ = {
			isa = XCBuildConfiguration;
			buildSettings = {
				ALWAYS_EMBED_SWIFT_STANDARD_LIBRARIES = YES;
				CODE_SIGN_STYLE = Automatic;
				CURRENT_PROJECT_VERSION = 1;
				GENERATE_INFOPLIST_FILE = YES;
				IPHONEOS_DEPLOYMENT_TARGET = 17.2;
				MACOSX_DEPLOYMENT_TARGET = 13.6;
				MARKETING_VERSION = 1.0;
				PRODUCT_BUNDLE_IDENTIFIER = NK.testSDUITests;
				PRODUCT_NAME = "$(TARGET_NAME)";
				SDKROOT = auto;
				SUPPORTED_PLATFORMS = "iphoneos iphonesimulator macosx";
				SWIFT_EMIT_LOC_STRINGS = NO;
				SWIFT_VERSION = 5.0;
				TARGETED_DEVICE_FAMILY = "1,2";
				TEST_TARGET_NAME = testSD;
			};
			name = Debug;
		};
		02EAC8732B5ACB7300FB9183 /* Release */ = {
			isa = XCBuildConfiguration;
			buildSettings = {
				ALWAYS_EMBED_SWIFT_STANDARD_LIBRARIES = YES;
				CODE_SIGN_STYLE = Automatic;
				CURRENT_PROJECT_VERSION = 1;
				GENERATE_INFOPLIST_FILE = YES;
				IPHONEOS_DEPLOYMENT_TARGET = 17.2;
				MACOSX_DEPLOYMENT_TARGET = 13.6;
				MARKETING_VERSION = 1.0;
				PRODUCT_BUNDLE_IDENTIFIER = NK.testSDUITests;
				PRODUCT_NAME = "$(TARGET_NAME)";
				SDKROOT = auto;
				SUPPORTED_PLATFORMS = "iphoneos iphonesimulator macosx";
				SWIFT_EMIT_LOC_STRINGS = NO;
				SWIFT_VERSION = 5.0;
				TARGETED_DEVICE_FAMILY = "1,2";
				TEST_TARGET_NAME = testSD;
			};
			name = Release;
		};
/* End XCBuildConfiguration section */

/* Begin XCConfigurationList section */
		02EAC83F2B5ACB7200FB9183 /* Build configuration list for PBXProject "testSD" */ = {
			isa = XCConfigurationList;
			buildConfigurations = (
				02EAC8692B5ACB7300FB9183 /* Debug */,
				02EAC86A2B5ACB7300FB9183 /* Release */,
			);
			defaultConfigurationIsVisible = 0;
			defaultConfigurationName = Release;
		};
		02EAC86B2B5ACB7300FB9183 /* Build configuration list for PBXNativeTarget "testSD" */ = {
			isa = XCConfigurationList;
			buildConfigurations = (
				02EAC86C2B5ACB7300FB9183 /* Debug */,
				02EAC86D2B5ACB7300FB9183 /* Release */,
			);
			defaultConfigurationIsVisible = 0;
			defaultConfigurationName = Release;
		};
		02EAC86E2B5ACB7300FB9183 /* Build configuration list for PBXNativeTarget "testSDTests" */ = {
			isa = XCConfigurationList;
			buildConfigurations = (
				02EAC86F2B5ACB7300FB9183 /* Debug */,
				02EAC8702B5ACB7300FB9183 /* Release */,
			);
			defaultConfigurationIsVisible = 0;
			defaultConfigurationName = Release;
		};
		02EAC8712B5ACB7300FB9183 /* Build configuration list for PBXNativeTarget "testSDUITests" */ = {
			isa = XCConfigurationList;
			buildConfigurations = (
				02EAC8722B5ACB7300FB9183 /* Debug */,
				02EAC8732B5ACB7300FB9183 /* Release */,
			);
			defaultConfigurationIsVisible = 0;
			defaultConfigurationName = Release;
		};
/* End XCConfigurationList section */
	};
	rootObject = 02EAC83C2B5ACB7200FB9183 /* Project object */;
}
